
Microsoft Visual Studio Solution File, Format Version 12.00
# Visual Studio Version 16
VisualStudioVersion = 16.0.30114.105
MinimumVisualStudioVersion = 10.0.40219.1
Project("{FAE04EC0-301F-11D3-BF4B-00C04F79EFBC}") = "DevFreela.API", "DevFreela.API\DevFreela.API.csproj", "{0DBB2A4C-F273-4319-A288-9DA16DEF0548}"
EndProject
Project("{FAE04EC0-301F-11D3-BF4B-00C04F79EFBC}") = "DevFreela.Infrastructure", "DevFreela.Infrastructure\DevFreela.Infrastructure.csproj", "{2DE294CA-BB67-4D0D-BCFF-9D25A23EFB2A}"
EndProject
Project("{FAE04EC0-301F-11D3-BF4B-00C04F79EFBC}") = "DevFreela.Application", "DevFreela.Application\DevFreela.Application.csproj", "{2D6F46A4-29A2-4A24-BC03-5AA908A5F49C}"
EndProject
Project("{FAE04EC0-301F-11D3-BF4B-00C04F79EFBC}") = "DevFreela.UnitTests", "DevFreela.UnitTests\DevFreela.UnitTests.csproj", "{2CB7EC68-73F3-4046-9650-7AE86795ABCB}"
EndProject
Global
	GlobalSection(SolutionConfigurationPlatforms) = preSolution
		Debug|Any CPU = Debug|Any CPU
		Debug|x64 = Debug|x64
		Debug|x86 = Debug|x86
		Release|Any CPU = Release|Any CPU
		Release|x64 = Release|x64
		Release|x86 = Release|x86
	EndGlobalSection
	GlobalSection(SolutionProperties) = preSolution
		HideSolutionNode = FALSE
	EndGlobalSection
	GlobalSection(ProjectConfigurationPlatforms) = postSolution
		{0DBB2A4C-F273-4319-A288-9DA16DEF0548}.Debug|Any CPU.ActiveCfg = Debug|Any CPU
		{0DBB2A4C-F273-4319-A288-9DA16DEF0548}.Debug|Any CPU.Build.0 = Debug|Any CPU
		{0DBB2A4C-F273-4319-A288-9DA16DEF0548}.Debug|x64.ActiveCfg = Debug|Any CPU
		{0DBB2A4C-F273-4319-A288-9DA16DEF0548}.Debug|x64.Build.0 = Debug|Any CPU
		{0DBB2A4C-F273-4319-A288-9DA16DEF0548}.Debug|x86.ActiveCfg = Debug|Any CPU
		{0DBB2A4C-F273-4319-A288-9DA16DEF0548}.Debug|x86.Build.0 = Debug|Any CPU
		{0DBB2A4C-F273-4319-A288-9DA16DEF0548}.Release|Any CPU.ActiveCfg = Release|Any CPU
		{0DBB2A4C-F273-4319-A288-9DA16DEF0548}.Release|Any CPU.Build.0 = Release|Any CPU
		{0DBB2A4C-F273-4319-A288-9DA16DEF0548}.Release|x64.ActiveCfg = Release|Any CPU
		{0DBB2A4C-F273-4319-A288-9DA16DEF0548}.Release|x64.Build.0 = Release|Any CPU
		{0DBB2A4C-F273-4319-A288-9DA16DEF0548}.Release|x86.ActiveCfg = Release|Any CPU
		{0DBB2A4C-F273-4319-A288-9DA16DEF0548}.Release|x86.Build.0 = Release|Any CPU
		{2DE294CA-BB67-4D0D-BCFF-9D25A23EFB2A}.Debug|Any CPU.ActiveCfg = Debug|Any CPU
		{2DE294CA-BB67-4D0D-BCFF-9D25A23EFB2A}.Debug|Any CPU.Build.0 = Debug|Any CPU
		{2DE294CA-BB67-4D0D-BCFF-9D25A23EFB2A}.Debug|x64.ActiveCfg = Debug|Any CPU
		{2DE294CA-BB67-4D0D-BCFF-9D25A23EFB2A}.Debug|x64.Build.0 = Debug|Any CPU
		{2DE294CA-BB67-4D0D-BCFF-9D25A23EFB2A}.Debug|x86.ActiveCfg = Debug|Any CPU
		{2DE294CA-BB67-4D0D-BCFF-9D25A23EFB2A}.Debug|x86.Build.0 = Debug|Any CPU
		{2DE294CA-BB67-4D0D-BCFF-9D25A23EFB2A}.Release|Any CPU.ActiveCfg = Release|Any CPU
		{2DE294CA-BB67-4D0D-BCFF-9D25A23EFB2A}.Release|Any CPU.Build.0 = Release|Any CPU
		{2DE294CA-BB67-4D0D-BCFF-9D25A23EFB2A}.Release|x64.ActiveCfg = Release|Any CPU
		{2DE294CA-BB67-4D0D-BCFF-9D25A23EFB2A}.Release|x64.Build.0 = Release|Any CPU
		{2DE294CA-BB67-4D0D-BCFF-9D25A23EFB2A}.Release|x86.ActiveCfg = Release|Any CPU
		{2DE294CA-BB67-4D0D-BCFF-9D25A23EFB2A}.Release|x86.Build.0 = Release|Any CPU
		{2D6F46A4-29A2-4A24-BC03-5AA908A5F49C}.Debug|Any CPU.ActiveCfg = Debug|Any CPU
		{2D6F46A4-29A2-4A24-BC03-5AA908A5F49C}.Debug|Any CPU.Build.0 = Debug|Any CPU
		{2D6F46A4-29A2-4A24-BC03-5AA908A5F49C}.Debug|x64.ActiveCfg = Debug|Any CPU
		{2D6F46A4-29A2-4A24-BC03-5AA908A5F49C}.Debug|x64.Build.0 = Debug|Any CPU
		{2D6F46A4-29A2-4A24-BC03-5AA908A5F49C}.Debug|x86.ActiveCfg = Debug|Any CPU
		{2D6F46A4-29A2-4A24-BC03-5AA908A5F49C}.Debug|x86.Build.0 = Debug|Any CPU
		{2D6F46A4-29A2-4A24-BC03-5AA908A5F49C}.Release|Any CPU.ActiveCfg = Release|Any CPU
		{2D6F46A4-29A2-4A24-BC03-5AA908A5F49C}.Release|Any CPU.Build.0 = Release|Any CPU
		{2D6F46A4-29A2-4A24-BC03-5AA908A5F49C}.Release|x64.ActiveCfg = Release|Any CPU
		{2D6F46A4-29A2-4A24-BC03-5AA908A5F49C}.Release|x64.Build.0 = Release|Any CPU
		{2D6F46A4-29A2-4A24-BC03-5AA908A5F49C}.Release|x86.ActiveCfg = Release|Any CPU
		{2D6F46A4-29A2-4A24-BC03-5AA908A5F49C}.Release|x86.Build.0 = Release|Any CPU
		{2CB7EC68-73F3-4046-9650-7AE86795ABCB}.Debug|Any CPU.ActiveCfg = Debug|Any CPU
		{2CB7EC68-73F3-4046-9650-7AE86795ABCB}.Debug|Any CPU.Build.0 = Debug|Any CPU
		{2CB7EC68-73F3-4046-9650-7AE86795ABCB}.Debug|x64.ActiveCfg = Debug|Any CPU
		{2CB7EC68-73F3-4046-9650-7AE86795ABCB}.Debug|x64.Build.0 = Debug|Any CPU
		{2CB7EC68-73F3-4046-9650-7AE86795ABCB}.Debug|x86.ActiveCfg = Debug|Any CPU
		{2CB7EC68-73F3-4046-9650-7AE86795ABCB}.Debug|x86.Build.0 = Debug|Any CPU
		{2CB7EC68-73F3-4046-9650-7AE86795ABCB}.Release|Any CPU.ActiveCfg = Release|Any CPU
		{2CB7EC68-73F3-4046-9650-7AE86795ABCB}.Release|Any CPU.Build.0 = Release|Any CPU
		{2CB7EC68-73F3-4046-9650-7AE86795ABCB}.Release|x64.ActiveCfg = Release|Any CPU
		{2CB7EC68-73F3-4046-9650-7AE86795ABCB}.Release|x64.Build.0 = Release|Any CPU
		{2CB7EC68-73F3-4046-9650-7AE86795ABCB}.Release|x86.ActiveCfg = Release|Any CPU
		{2CB7EC68-73F3-4046-9650-7AE86795ABCB}.Release|x86.Build.0 = Release|Any CPU
	EndGlobalSection
EndGlobal
